
Microsoft Visual Studio Solution File, Format Version 12.00
# Visual Studio Version 17
VisualStudioVersion = 17.6.33815.320
MinimumVisualStudioVersion = 10.0.40219.1
Project("{FAE04EC0-301F-11D3-BF4B-00C04F79EFBC}") = "SarahRena", "SarahRena\SarahRena.csproj", "{55BF0FDA-A5E6-4EAF-833B-0FE68EC424EF}"
EndProject
Global
	GlobalSection(SolutionConfigurationPlatforms) = preSolution
		Debug|Any CPU = Debug|Any CPU
		Release|Any CPU = Release|Any CPU
	EndGlobalSection
	GlobalSection(ProjectConfigurationPlatforms) = postSolution
		{55BF0FDA-A5E6-4EAF-833B-0FE68EC424EF}.Debug|Any CPU.ActiveCfg = Debug|Any CPU
		{55BF0FDA-A5E6-4EAF-833B-0FE68EC424EF}.Debug|Any CPU.Build.0 = Debug|Any CPU
		{55BF0FDA-A5E6-4EAF-833B-0FE68EC424EF}.Release|Any CPU.ActiveCfg = Release|Any CPU
		{55BF0FDA-A5E6-4EAF-833B-0FE68EC424EF}.Release|Any CPU.Build.0 = Release|Any CPU
	EndGlobalSection
	GlobalSection(SolutionProperties) = preSolution
		HideSolutionNode = FALSE
	EndGlobalSection
	GlobalSection(ExtensibilityGlobals) = postSolution
		SolutionGuid = {64D872CC-42CB-45DB-AEDC-3EB1B42BA6C9}
	EndGlobalSection
EndGlobal
