
Microsoft Visual Studio Solution File, Format Version 12.00
# Visual Studio Version 17
VisualStudioVersion = 17.6.33815.320
MinimumVisualStudioVersion = 10.0.40219.1
Project("{FAE04EC0-301F-11D3-BF4B-00C04F79EFBC}") = "SR", "SR\SR.csproj", "{01EE14A7-40DF-4A1B-A6E3-05484E36A44B}"
EndProject
Global
	GlobalSection(SolutionConfigurationPlatforms) = preSolution
		Debug|Any CPU = Debug|Any CPU
		Release|Any CPU = Release|Any CPU
	EndGlobalSection
	GlobalSection(ProjectConfigurationPlatforms) = postSolution
		{01EE14A7-40DF-4A1B-A6E3-05484E36A44B}.Debug|Any CPU.ActiveCfg = Debug|Any CPU
		{01EE14A7-40DF-4A1B-A6E3-05484E36A44B}.Debug|Any CPU.Build.0 = Debug|Any CPU
		{01EE14A7-40DF-4A1B-A6E3-05484E36A44B}.Release|Any CPU.ActiveCfg = Release|Any CPU
		{01EE14A7-40DF-4A1B-A6E3-05484E36A44B}.Release|Any CPU.Build.0 = Release|Any CPU
	EndGlobalSection
	GlobalSection(SolutionProperties) = preSolution
		HideSolutionNode = FALSE
	EndGlobalSection
	GlobalSection(ExtensibilityGlobals) = postSolution
		SolutionGuid = {C723CFA5-145D-488F-98D0-A1A81BD472ED}
	EndGlobalSection
EndGlobal
